
Microsoft Visual Studio Solution File, Format Version 12.00
# Visual Studio Version 17
VisualStudioVersion = 17.9.34728.123
MinimumVisualStudioVersion = 10.0.40219.1
Project("{FAE04EC0-301F-11D3-BF4B-00C04F79EFBC}") = "TempClean", "TempClean\TempClean.csproj", "{94C9F160-C9B2-4E96-B85E-37B0C58484D2}"
EndProject
Global
	GlobalSection(SolutionConfigurationPlatforms) = preSolution
		Debug|Any CPU = Debug|Any CPU
		Release|Any CPU = Release|Any CPU
	EndGlobalSection
	GlobalSection(ProjectConfigurationPlatforms) = postSolution
		{94C9F160-C9B2-4E96-B85E-37B0C58484D2}.Debug|Any CPU.ActiveCfg = Debug|Any CPU
		{94C9F160-C9B2-4E96-B85E-37B0C58484D2}.Debug|Any CPU.Build.0 = Debug|Any CPU
		{94C9F160-C9B2-4E96-B85E-37B0C58484D2}.Release|Any CPU.ActiveCfg = Release|Any CPU
		{94C9F160-C9B2-4E96-B85E-37B0C58484D2}.Release|Any CPU.Build.0 = Release|Any CPU
	EndGlobalSection
	GlobalSection(SolutionProperties) = preSolution
		HideSolutionNode = FALSE
	EndGlobalSection
	GlobalSection(ExtensibilityGlobals) = postSolution
		SolutionGuid = {6B68D473-AA52-4B5A-B391-C6F98E714A44}
	EndGlobalSection
EndGlobal
